
Microsoft Visual Studio Solution File, Format Version 12.00
# Visual Studio 15
VisualStudioVersion = 15.0.28307.645
MinimumVisualStudioVersion = 10.0.40219.1
Project("{FAE04EC0-301F-11D3-BF4B-00C04F79EFBC}") = "Existek", "Existek\Existek.csproj", "{65B2293C-DDB9-44F2-BAF6-8C18D393E180}"
EndProject
Global
	GlobalSection(SolutionConfigurationPlatforms) = preSolution
		Debug|Any CPU = Debug|Any CPU
		Release|Any CPU = Release|Any CPU
	EndGlobalSection
	GlobalSection(ProjectConfigurationPlatforms) = postSolution
		{65B2293C-DDB9-44F2-BAF6-8C18D393E180}.Debug|Any CPU.ActiveCfg = Debug|Any CPU
		{65B2293C-DDB9-44F2-BAF6-8C18D393E180}.Debug|Any CPU.Build.0 = Debug|Any CPU
		{65B2293C-DDB9-44F2-BAF6-8C18D393E180}.Release|Any CPU.ActiveCfg = Release|Any CPU
		{65B2293C-DDB9-44F2-BAF6-8C18D393E180}.Release|Any CPU.Build.0 = Release|Any CPU
	EndGlobalSection
	GlobalSection(SolutionProperties) = preSolution
		HideSolutionNode = FALSE
	EndGlobalSection
	GlobalSection(ExtensibilityGlobals) = postSolution
		SolutionGuid = {4BED112A-D1A8-44C5-B4AB-EFE991234DEB}
	EndGlobalSection
EndGlobal
